
Microsoft Visual Studio Solution File, Format Version 12.00
# Visual Studio Version 17
VisualStudioVersion = 17.0.31903.59
MinimumVisualStudioVersion = 10.0.40219.1
Project("{2150E333-8FDC-42A3-9474-1A3956D46DE8}") = "src", "src", "{827E0CD3-B72D-47B6-A68D-7590B98EB39B}"
EndProject
Project("{FAE04EC0-301F-11D3-BF4B-00C04F79EFBC}") = "Paddockside.Api", "src\Paddockside.Api\Paddockside.Api.csproj", "{0A518A31-66A3-4E28-BDD3-D9A0DAEEFCF1}"
EndProject
Project("{FAE04EC0-301F-11D3-BF4B-00C04F79EFBC}") = "Paddockside.Application", "src\Paddockside.Application\Paddockside.Application.csproj", "{A65BC942-1092-48FF-B234-063D32C90BBF}"
EndProject
Project("{FAE04EC0-301F-11D3-BF4B-00C04F79EFBC}") = "Paddockside.Design", "src\Paddockside.Design\Paddockside.Design.csproj", "{75093630-84DF-436E-9E39-C8D884798EF2}"
EndProject
Project("{FAE04EC0-301F-11D3-BF4B-00C04F79EFBC}") = "Paddockside.Domain", "src\Paddockside.Domain\Paddockside.Domain.csproj", "{81750627-3847-4F95-B745-C45636997DF8}"
EndProject
Project("{FAE04EC0-301F-11D3-BF4B-00C04F79EFBC}") = "Paddockside.Infrastructure", "src\Paddockside.Infrastructure\Paddockside.Infrastructure.csproj", "{C152CC46-B8EF-47D9-BEB0-CCB942936B8E}"
EndProject
Project("{FAE04EC0-301F-11D3-BF4B-00C04F79EFBC}") = "Paddockside.Web", "src\Paddockside.Web\Paddockside.Web.csproj", "{FB8C4B37-D17D-4D05-8E4B-966E19B9AB1E}"
EndProject
Project("{2150E333-8FDC-42A3-9474-1A3956D46DE8}") = "tests", "tests", "{0AB3BF05-4346-4AA6-1389-037BE0695223}"
EndProject
Project("{FAE04EC0-301F-11D3-BF4B-00C04F79EFBC}") = "Paddockside.Domain.Tests", "tests\Paddockside.Domain.Tests\Paddockside.Domain.Tests.csproj", "{51434469-ADB5-4C0F-AACD-464239CC86DD}"
EndProject
Project("{FAE04EC0-301F-11D3-BF4B-00C04F79EFBC}") = "Paddockside.Isolation.Tests", "tests\Paddockside.Isolation.Tests\Paddockside.Isolation.Tests.csproj", "{60E611DC-E933-4A1C-B10F-10F210B47DB0}"
EndProject
Project("{FAE04EC0-301F-11D3-BF4B-00C04F79EFBC}") = "Paddockside.Pipeline.Tests", "tests\Paddockside.Pipeline.Tests\Paddockside.Pipeline.Tests.csproj", "{0FC6C7BE-605B-41F4-83BE-CEA992DD1459}"
EndProject
Project("{2150E333-8FDC-42A3-9474-1A3956D46DE8}") = "tools", "tools", "{07C2787E-EAC7-C090-1BA3-A61EC2A24D84}"
EndProject
Project("{FAE04EC0-301F-11D3-BF4B-00C04F79EFBC}") = "Paddockside.Ops", "tools\Paddockside.Ops\Paddockside.Ops.csproj", "{8914AE01-6ACB-48B2-B4B3-26488471CD77}"
EndProject
Global
	GlobalSection(SolutionConfigurationPlatforms) = preSolution
		Debug|Any CPU = Debug|Any CPU
		Debug|x64 = Debug|x64
		Debug|x86 = Debug|x86
		Release|Any CPU = Release|Any CPU
		Release|x64 = Release|x64
		Release|x86 = Release|x86
	EndGlobalSection
	GlobalSection(ProjectConfigurationPlatforms) = postSolution
		{0A518A31-66A3-4E28-BDD3-D9A0DAEEFCF1}.Debug|Any CPU.ActiveCfg = Debug|Any CPU
		{0A518A31-66A3-4E28-BDD3-D9A0DAEEFCF1}.Debug|Any CPU.Build.0 = Debug|Any CPU
		{0A518A31-66A3-4E28-BDD3-D9A0DAEEFCF1}.Debug|x64.ActiveCfg = Debug|Any CPU
		{0A518A31-66A3-4E28-BDD3-D9A0DAEEFCF1}.Debug|x64.Build.0 = Debug|Any CPU
		{0A518A31-66A3-4E28-BDD3-D9A0DAEEFCF1}.Debug|x86.ActiveCfg = Debug|Any CPU
		{0A518A31-66A3-4E28-BDD3-D9A0DAEEFCF1}.Debug|x86.Build.0 = Debug|Any CPU
		{0A518A31-66A3-4E28-BDD3-D9A0DAEEFCF1}.Release|Any CPU.ActiveCfg = Release|Any CPU
		{0A518A31-66A3-4E28-BDD3-D9A0DAEEFCF1}.Release|Any CPU.Build.0 = Release|Any CPU
		{0A518A31-66A3-4E28-BDD3-D9A0DAEEFCF1}.Release|x64.ActiveCfg = Release|Any CPU
		{0A518A31-66A3-4E28-BDD3-D9A0DAEEFCF1}.Release|x64.Build.0 = Release|Any CPU
		{0A518A31-66A3-4E28-BDD3-D9A0DAEEFCF1}.Release|x86.ActiveCfg = Release|Any CPU
		{0A518A31-66A3-4E28-BDD3-D9A0DAEEFCF1}.Release|x86.Build.0 = Release|Any CPU
		{A65BC942-1092-48FF-B234-063D32C90BBF}.Debug|Any CPU.ActiveCfg = Debug|Any CPU
		{A65BC942-1092-48FF-B234-063D32C90BBF}.Debug|Any CPU.Build.0 = Debug|Any CPU
		{A65BC942-1092-48FF-B234-063D32C90BBF}.Debug|x64.ActiveCfg = Debug|Any CPU
		{A65BC942-1092-48FF-B234-063D32C90BBF}.Debug|x64.Build.0 = Debug|Any CPU
		{A65BC942-1092-48FF-B234-063D32C90BBF}.Debug|x86.ActiveCfg = Debug|Any CPU
		{A65BC942-1092-48FF-B234-063D32C90BBF}.Debug|x86.Build.0 = Debug|Any CPU
		{A65BC942-1092-48FF-B234-063D32C90BBF}.Release|Any CPU.ActiveCfg = Release|Any CPU
		{A65BC942-1092-48FF-B234-063D32C90BBF}.Release|Any CPU.Build.0 = Release|Any CPU
		{A65BC942-1092-48FF-B234-063D32C90BBF}.Release|x64.ActiveCfg = Release|Any CPU
		{A65BC942-1092-48FF-B234-063D32C90BBF}.Release|x64.Build.0 = Release|Any CPU
		{A65BC942-1092-48FF-B234-063D32C90BBF}.Release|x86.ActiveCfg = Release|Any CPU
		{A65BC942-1092-48FF-B234-063D32C90BBF}.Release|x86.Build.0 = Release|Any CPU
		{75093630-84DF-436E-9E39-C8D884798EF2}.Debug|Any CPU.ActiveCfg = Debug|Any CPU
		{75093630-84DF-436E-9E39-C8D884798EF2}.Debug|Any CPU.Build.0 = Debug|Any CPU
		{75093630-84DF-436E-9E39-C8D884798EF2}.Debug|x64.ActiveCfg = Debug|Any CPU
		{75093630-84DF-436E-9E39-C8D884798EF2}.Debug|x64.Build.0 = Debug|Any CPU
		{75093630-84DF-436E-9E39-C8D884798EF2}.Debug|x86.ActiveCfg = Debug|Any CPU
		{75093630-84DF-436E-9E39-C8D884798EF2}.Debug|x86.Build.0 = Debug|Any CPU
		{75093630-84DF-436E-9E39-C8D884798EF2}.Release|Any CPU.ActiveCfg = Release|Any CPU
		{75093630-84DF-436E-9E39-C8D884798EF2}.Release|Any CPU.Build.0 = Release|Any CPU
		{75093630-84DF-436E-9E39-C8D884798EF2}.Release|x64.ActiveCfg = Release|Any CPU
		{75093630-84DF-436E-9E39-C8D884798EF2}.Release|x64.Build.0 = Release|Any CPU
		{75093630-84DF-436E-9E39-C8D884798EF2}.Release|x86.ActiveCfg = Release|Any CPU
		{75093630-84DF-436E-9E39-C8D884798EF2}.Release|x86.Build.0 = Release|Any CPU
		{81750627-3847-4F95-B745-C45636997DF8}.Debug|Any CPU.ActiveCfg = Debug|Any CPU
		{81750627-3847-4F95-B745-C45636997DF8}.Debug|Any CPU.Build.0 = Debug|Any CPU
		{81750627-3847-4F95-B745-C45636997DF8}.Debug|x64.ActiveCfg = Debug|Any CPU
		{81750627-3847-4F95-B745-C45636997DF8}.Debug|x64.Build.0 = Debug|Any CPU
		{81750627-3847-4F95-B745-C45636997DF8}.Debug|x86.ActiveCfg = Debug|Any CPU
		{81750627-3847-4F95-B745-C45636997DF8}.Debug|x86.Build.0 = Debug|Any CPU
		{81750627-3847-4F95-B745-C45636997DF8}.Release|Any CPU.ActiveCfg = Release|Any CPU
		{81750627-3847-4F95-B745-C45636997DF8}.Release|Any CPU.Build.0 = Release|Any CPU
		{81750627-3847-4F95-B745-C45636997DF8}.Release|x64.ActiveCfg = Release|Any CPU
		{81750627-3847-4F95-B745-C45636997DF8}.Release|x64.Build.0 = Release|Any CPU
		{81750627-3847-4F95-B745-C45636997DF8}.Release|x86.ActiveCfg = Release|Any CPU
		{81750627-3847-4F95-B745-C45636997DF8}.Release|x86.Build.0 = Release|Any CPU
		{C152CC46-B8EF-47D9-BEB0-CCB942936B8E}.Debug|Any CPU.ActiveCfg = Debug|Any CPU
		{C152CC46-B8EF-47D9-BEB0-CCB942936B8E}.Debug|Any CPU.Build.0 = Debug|Any CPU
		{C152CC46-B8EF-47D9-BEB0-CCB942936B8E}.Debug|x64.ActiveCfg = Debug|Any CPU
		{C152CC46-B8EF-47D9-BEB0-CCB942936B8E}.Debug|x64.Build.0 = Debug|Any CPU
		{C152CC46-B8EF-47D9-BEB0-CCB942936B8E}.Debug|x86.ActiveCfg = Debug|Any CPU
		{C152CC46-B8EF-47D9-BEB0-CCB942936B8E}.Debug|x86.Build.0 = Debug|Any CPU
		{C152CC46-B8EF-47D9-BEB0-CCB942936B8E}.Release|Any CPU.ActiveCfg = Release|Any CPU
		{C152CC46-B8EF-47D9-BEB0-CCB942936B8E}.Release|Any CPU.Build.0 = Release|Any CPU
		{C152CC46-B8EF-47D9-BEB0-CCB942936B8E}.Release|x64.ActiveCfg = Release|Any CPU
		{C152CC46-B8EF-47D9-BEB0-CCB942936B8E}.Release|x64.Build.0 = Release|Any CPU
		{C152CC46-B8EF-47D9-BEB0-CCB942936B8E}.Release|x86.ActiveCfg = Release|Any CPU
		{C152CC46-B8EF-47D9-BEB0-CCB942936B8E}.Release|x86.Build.0 = Release|Any CPU
		{FB8C4B37-D17D-4D05-8E4B-966E19B9AB1E}.Debug|Any CPU.ActiveCfg = Debug|Any CPU
		{FB8C4B37-D17D-4D05-8E4B-966E19B9AB1E}.Debug|Any CPU.Build.0 = Debug|Any CPU
		{FB8C4B37-D17D-4D05-8E4B-966E19B9AB1E}.Debug|x64.ActiveCfg = Debug|Any CPU
		{FB8C4B37-D17D-4D05-8E4B-966E19B9AB1E}.Debug|x64.Build.0 = Debug|Any CPU
		{FB8C4B37-D17D-4D05-8E4B-966E19B9AB1E}.Debug|x86.ActiveCfg = Debug|Any CPU
		{FB8C4B37-D17D-4D05-8E4B-966E19B9AB1E}.Debug|x86.Build.0 = Debug|Any CPU
		{FB8C4B37-D17D-4D05-8E4B-966E19B9AB1E}.Release|Any CPU.ActiveCfg = Release|Any CPU
		{FB8C4B37-D17D-4D05-8E4B-966E19B9AB1E}.Release|Any CPU.Build.0 = Release|Any CPU
		{FB8C4B37-D17D-4D05-8E4B-966E19B9AB1E}.Release|x64.ActiveCfg = Release|Any CPU
		{FB8C4B37-D17D-4D05-8E4B-966E19B9AB1E}.Release|x64.Build.0 = Release|Any CPU
		{FB8C4B37-D17D-4D05-8E4B-966E19B9AB1E}.Release|x86.ActiveCfg = Release|Any CPU
		{FB8C4B37-D17D-4D05-8E4B-966E19B9AB1E}.Release|x86.Build.0 = Release|Any CPU
		{51434469-ADB5-4C0F-AACD-464239CC86DD}.Debug|Any CPU.ActiveCfg = Debug|Any CPU
		{51434469-ADB5-4C0F-AACD-464239CC86DD}.Debug|Any CPU.Build.0 = Debug|Any CPU
		{51434469-ADB5-4C0F-AACD-464239CC86DD}.Debug|x64.ActiveCfg = Debug|Any CPU
		{51434469-ADB5-4C0F-AACD-464239CC86DD}.Debug|x64.Build.0 = Debug|Any CPU
		{51434469-ADB5-4C0F-AACD-464239CC86DD}.Debug|x86.ActiveCfg = Debug|Any CPU
		{51434469-ADB5-4C0F-AACD-464239CC86DD}.Debug|x86.Build.0 = Debug|Any CPU
		{51434469-ADB5-4C0F-AACD-464239CC86DD}.Release|Any CPU.ActiveCfg = Release|Any CPU
		{51434469-ADB5-4C0F-AACD-464239CC86DD}.Release|Any CPU.Build.0 = Release|Any CPU
		{51434469-ADB5-4C0F-AACD-464239CC86DD}.Release|x64.ActiveCfg = Release|Any CPU
		{51434469-ADB5-4C0F-AACD-464239CC86DD}.Release|x64.Build.0 = Release|Any CPU
		{51434469-ADB5-4C0F-AACD-464239CC86DD}.Release|x86.ActiveCfg = Release|Any CPU
		{51434469-ADB5-4C0F-AACD-464239CC86DD}.Release|x86.Build.0 = Release|Any CPU
		{60E611DC-E933-4A1C-B10F-10F210B47DB0}.Debug|Any CPU.ActiveCfg = Debug|Any CPU
		{60E611DC-E933-4A1C-B10F-10F210B47DB0}.Debug|Any CPU.Build.0 = Debug|Any CPU
		{60E611DC-E933-4A1C-B10F-10F210B47DB0}.Debug|x64.ActiveCfg = Debug|Any CPU
		{60E611DC-E933-4A1C-B10F-10F210B47DB0}.Debug|x64.Build.0 = Debug|Any CPU
		{60E611DC-E933-4A1C-B10F-10F210B47DB0}.Debug|x86.ActiveCfg = Debug|Any CPU
		{60E611DC-E933-4A1C-B10F-10F210B47DB0}.Debug|x86.Build.0 = Debug|Any CPU
		{60E611DC-E933-4A1C-B10F-10F210B47DB0}.Release|Any CPU.ActiveCfg = Release|Any CPU
		{60E611DC-E933-4A1C-B10F-10F210B47DB0}.Release|Any CPU.Build.0 = Release|Any CPU
		{60E611DC-E933-4A1C-B10F-10F210B47DB0}.Release|x64.ActiveCfg = Release|Any CPU
		{60E611DC-E933-4A1C-B10F-10F210B47DB0}.Release|x64.Build.0 = Release|Any CPU
		{60E611DC-E933-4A1C-B10F-10F210B47DB0}.Release|x86.ActiveCfg = Release|Any CPU
		{60E611DC-E933-4A1C-B10F-10F210B47DB0}.Release|x86.Build.0 = Release|Any CPU
		{0FC6C7BE-605B-41F4-83BE-CEA992DD1459}.Debug|Any CPU.ActiveCfg = Debug|Any CPU
		{0FC6C7BE-605B-41F4-83BE-CEA992DD1459}.Debug|Any CPU.Build.0 = Debug|Any CPU
		{0FC6C7BE-605B-41F4-83BE-CEA992DD1459}.Debug|x64.ActiveCfg = Debug|Any CPU
		{0FC6C7BE-605B-41F4-83BE-CEA992DD1459}.Debug|x64.Build.0 = Debug|Any CPU
		{0FC6C7BE-605B-41F4-83BE-CEA992DD1459}.Debug|x86.ActiveCfg = Debug|Any CPU
		{0FC6C7BE-605B-41F4-83BE-CEA992DD1459}.Debug|x86.Build.0 = Debug|Any CPU
		{0FC6C7BE-605B-41F4-83BE-CEA992DD1459}.Release|Any CPU.ActiveCfg = Release|Any CPU
		{0FC6C7BE-605B-41F4-83BE-CEA992DD1459}.Release|Any CPU.Build.0 = Release|Any CPU
		{0FC6C7BE-605B-41F4-83BE-CEA992DD1459}.Release|x64.ActiveCfg = Release|Any CPU
		{0FC6C7BE-605B-41F4-83BE-CEA992DD1459}.Release|x64.Build.0 = Release|Any CPU
		{0FC6C7BE-605B-41F4-83BE-CEA992DD1459}.Release|x86.ActiveCfg = Release|Any CPU
		{0FC6C7BE-605B-41F4-83BE-CEA992DD1459}.Release|x86.Build.0 = Release|Any CPU
		{8914AE01-6ACB-48B2-B4B3-26488471CD77}.Debug|Any CPU.ActiveCfg = Debug|Any CPU
		{8914AE01-6ACB-48B2-B4B3-26488471CD77}.Debug|Any CPU.Build.0 = Debug|Any CPU
		{8914AE01-6ACB-48B2-B4B3-26488471CD77}.Debug|x64.ActiveCfg = Debug|Any CPU
		{8914AE01-6ACB-48B2-B4B3-26488471CD77}.Debug|x64.Build.0 = Debug|Any CPU
		{8914AE01-6ACB-48B2-B4B3-26488471CD77}.Debug|x86.ActiveCfg = Debug|Any CPU
		{8914AE01-6ACB-48B2-B4B3-26488471CD77}.Debug|x86.Build.0 = Debug|Any CPU
		{8914AE01-6ACB-48B2-B4B3-26488471CD77}.Release|Any CPU.ActiveCfg = Release|Any CPU
		{8914AE01-6ACB-48B2-B4B3-26488471CD77}.Release|Any CPU.Build.0 = Release|Any CPU
		{8914AE01-6ACB-48B2-B4B3-26488471CD77}.Release|x64.ActiveCfg = Release|Any CPU
		{8914AE01-6ACB-48B2-B4B3-26488471CD77}.Release|x64.Build.0 = Release|Any CPU
		{8914AE01-6ACB-48B2-B4B3-26488471CD77}.Release|x86.ActiveCfg = Release|Any CPU
		{8914AE01-6ACB-48B2-B4B3-26488471CD77}.Release|x86.Build.0 = Release|Any CPU
	EndGlobalSection
	GlobalSection(SolutionProperties) = preSolution
		HideSolutionNode = FALSE
	EndGlobalSection
	GlobalSection(NestedProjects) = preSolution
		{0A518A31-66A3-4E28-BDD3-D9A0DAEEFCF1} = {827E0CD3-B72D-47B6-A68D-7590B98EB39B}
		{A65BC942-1092-48FF-B234-063D32C90BBF} = {827E0CD3-B72D-47B6-A68D-7590B98EB39B}
		{75093630-84DF-436E-9E39-C8D884798EF2} = {827E0CD3-B72D-47B6-A68D-7590B98EB39B}
		{81750627-3847-4F95-B745-C45636997DF8} = {827E0CD3-B72D-47B6-A68D-7590B98EB39B}
		{C152CC46-B8EF-47D9-BEB0-CCB942936B8E} = {827E0CD3-B72D-47B6-A68D-7590B98EB39B}
		{FB8C4B37-D17D-4D05-8E4B-966E19B9AB1E} = {827E0CD3-B72D-47B6-A68D-7590B98EB39B}
		{51434469-ADB5-4C0F-AACD-464239CC86DD} = {0AB3BF05-4346-4AA6-1389-037BE0695223}
		{60E611DC-E933-4A1C-B10F-10F210B47DB0} = {0AB3BF05-4346-4AA6-1389-037BE0695223}
		{0FC6C7BE-605B-41F4-83BE-CEA992DD1459} = {0AB3BF05-4346-4AA6-1389-037BE0695223}
		{8914AE01-6ACB-48B2-B4B3-26488471CD77} = {07C2787E-EAC7-C090-1BA3-A61EC2A24D84}
	EndGlobalSection
EndGlobal
